<Solution>
  <Project Path="Datos/accesoDatos.csproj" Id="e68044c7-3096-49c6-84aa-48a7c3cac15e" />
  <Project Path="dominio/dominio.csproj" Id="25bcf2b9-ddda-4a35-9090-32aff74fcb70" />
  <Project Path="negocio/negocio.csproj" Id="7e41479a-4aeb-4957-b9a5-1b3bfd9b0bbe" />
  <Project Path="PokeManagerWeb/PokeManagerWeb.csproj" Id="8be1e73b-27db-4fa1-8c13-9a12bee3dde8" />
</Solution>
